{
  "version": "4",
  "specifiers": {
    "jsr:@kazupon/gunshi@0.13": "0.13.0",
    "jsr:@std/assert@1": "1.0.12",
    "jsr:@std/internal@^1.0.6": "1.0.6",
    "npm:args-tokens@0.14": "0.14.0",
    "npm:envinfo@*": "7.14.0"
  },
  "jsr": {
    "@kazupon/gunshi@0.13.0": {
      "integrity": "2ac9263b0ee6947c5f7efb2f78786fb6a2a23969bba06d0320abbaf05ec4c017",
      "dependencies": [
        "npm:args-tokens"
      ]
    },
    "@std/assert@1.0.12": {
      "integrity": "08009f0926dda9cbd8bef3a35d3b6a4b964b0ab5c3e140a4e0351fbf34af5b9a",
      "dependencies": [
        "jsr:@std/internal"
      ]
    },
    "@std/internal@1.0.6": {
      "integrity": "9533b128f230f73bd209408bb07a4b12f8d4255ab2a4d22a1fd6d87304aca9a4"
    }
  },
  "npm": {
    "args-tokens@0.14.0": {
      "integrity": "sha512-hfMDZ3CNKFt2btfachKnxazNMfzhfyD8t6WE9hVupGcfwFTdN37k9AEfY3eXJ8VdhVsmJCaV6dlKjEYpo4TAIg=="
    },
    "envinfo@7.14.0": {
      "integrity": "sha512-CO40UI41xDQzhLB1hWyqUKgFhs250pNcGbyGKe1l/e4FSaI/+YE4IMG76GDt0In67WLPACIITC+sOi08x4wIvg=="
    }
  },
  "workspace": {
    "dependencies": [
      "jsr:@kazupon/gunshi@0.13",
      "jsr:@std/assert@1"
    ]
  }
}
